// !$*UTF8*$!
{
	archiveVersion = 1;
	classes = {
	};
	objectVersion = 56;
	objects = {

/* Begin PBXBuildFile section */
		5B10400D2B6B8A9E006BC278 /* QuizzResultScreen.swift in Sources */ = {isa = PBXBuildFile; fileRef = 5B10400C2B6B8A9E006BC278 /* QuizzResultScreen.swift */; };
		5B10400F2B6BF51F006BC278 /* CurrentLessonScreen.swift in Sources */ = {isa = PBXBuildFile; fileRef = 5B10400E2B6BF51F006BC278 /* CurrentLessonScreen.swift */; };
		5B1040112B6C2F3F006BC278 /* testWheel.swift in Sources */ = {isa = PBXBuildFile; fileRef = 5B1040102B6C2F3F006BC278 /* testWheel.swift */; };
		5B1040152B70EBDA006BC278 /* ExtractedViewList.swift in Sources */ = {isa = PBXBuildFile; fileRef = 5B1040142B70EBD9006BC278 /* ExtractedViewList.swift */; };
		5B1040172B72868F006BC278 /* ConnexionScreen.swift in Sources */ = {isa = PBXBuildFile; fileRef = 5B1040162B72868F006BC278 /* ConnexionScreen.swift */; };
		5BF6A2E32B690BA90096A530 /* EasyconomyAppApp.swift in Sources */ = {isa = PBXBuildFile; fileRef = 5BF6A2E22B690BA90096A530 /* EasyconomyAppApp.swift */; };
		5BF6A2E52B690BA90096A530 /* ContentView.swift in Sources */ = {isa = PBXBuildFile; fileRef = 5BF6A2E42B690BA90096A530 /* ContentView.swift */; };
		5BF6A2E72B690BAB0096A530 /* Assets.xcassets in Resources */ = {isa = PBXBuildFile; fileRef = 5BF6A2E62B690BAB0096A530 /* Assets.xcassets */; };
		5BF6A2EA2B690BAB0096A530 /* Preview Assets.xcassets in Resources */ = {isa = PBXBuildFile; fileRef = 5BF6A2E92B690BAB0096A530 /* Preview Assets.xcassets */; };
		5BF6A2F22B690BE90096A530 /* Models.swift in Sources */ = {isa = PBXBuildFile; fileRef = 5BF6A2F12B690BE90096A530 /* Models.swift */; };
		5BF6A2F42B690BF40096A530 /* Database.swift in Sources */ = {isa = PBXBuildFile; fileRef = 5BF6A2F32B690BF40096A530 /* Database.swift */; };
		5BF6A3062B6933980096A530 /* ProfilScreen.swift in Sources */ = {isa = PBXBuildFile; fileRef = 5BF6A3052B6933980096A530 /* ProfilScreen.swift */; };
		5BF6A3082B6933AD0096A530 /* SettingsScreen.swift in Sources */ = {isa = PBXBuildFile; fileRef = 5BF6A3072B6933AD0096A530 /* SettingsScreen.swift */; };
		5BF6A30A2B69349E0096A530 /* LeaderboardScreen.swift in Sources */ = {isa = PBXBuildFile; fileRef = 5BF6A3092B69349E0096A530 /* LeaderboardScreen.swift */; };
		5BF6A30C2B6934AE0096A530 /* SocialLinksScreen.swift in Sources */ = {isa = PBXBuildFile; fileRef = 5BF6A30B2B6934AE0096A530 /* SocialLinksScreen.swift */; };
		5BF6A30E2B6935040096A530 /* LexiqueScreen.swift in Sources */ = {isa = PBXBuildFile; fileRef = 5BF6A30D2B6935040096A530 /* LexiqueScreen.swift */; };
		5BF6A3102B6935110096A530 /* DefinitionScreen.swift in Sources */ = {isa = PBXBuildFile; fileRef = 5BF6A30F2B6935110096A530 /* DefinitionScreen.swift */; };
		5BF6A3122B69357B0096A530 /* LessonScreen.swift in Sources */ = {isa = PBXBuildFile; fileRef = 5BF6A3112B69357A0096A530 /* LessonScreen.swift */; };
		5BF6A3162B6936590096A530 /* QuizzScreen.swift in Sources */ = {isa = PBXBuildFile; fileRef = 5BF6A3152B6936590096A530 /* QuizzScreen.swift */; };
/* End PBXBuildFile section */

/* Begin PBXFileReference section */
		5B10400C2B6B8A9E006BC278 /* QuizzResultScreen.swift */ = {isa = PBXFileReference; lastKnownFileType = sourcecode.swift; path = QuizzResultScreen.swift; sourceTree = "<group>"; };
		5B10400E2B6BF51F006BC278 /* CurrentLessonScreen.swift */ = {isa = PBXFileReference; lastKnownFileType = sourcecode.swift; path = CurrentLessonScreen.swift; sourceTree = "<group>"; };
		5B1040102B6C2F3F006BC278 /* testWheel.swift */ = {isa = PBXFileReference; lastKnownFileType = sourcecode.swift; path = testWheel.swift; sourceTree = "<group>"; };
		5B1040142B70EBD9006BC278 /* ExtractedViewList.swift */ = {isa = PBXFileReference; lastKnownFileType = sourcecode.swift; path = ExtractedViewList.swift; sourceTree = "<group>"; };
		5B1040162B72868F006BC278 /* ConnexionScreen.swift */ = {isa = PBXFileReference; lastKnownFileType = sourcecode.swift; path = ConnexionScreen.swift; sourceTree = "<group>"; };
		5BF6A2DF2B690BA90096A530 /* EasyconomyApp.app */ = {isa = PBXFileReference; explicitFileType = wrapper.application; includeInIndex = 0; path = EasyconomyApp.app; sourceTree = BUILT_PRODUCTS_DIR; };
		5BF6A2E22B690BA90096A530 /* EasyconomyAppApp.swift */ = {isa = PBXFileReference; lastKnownFileType = sourcecode.swift; path = EasyconomyAppApp.swift; sourceTree = "<group>"; };
		5BF6A2E42B690BA90096A530 /* ContentView.swift */ = {isa = PBXFileReference; lastKnownFileType = sourcecode.swift; path = ContentView.swift; sourceTree = "<group>"; };
		5BF6A2E62B690BAB0096A530 /* Assets.xcassets */ = {isa = PBXFileReference; lastKnownFileType = folder.assetcatalog; path = Assets.xcassets; sourceTree = "<group>"; };
		5BF6A2E92B690BAB0096A530 /* Preview Assets.xcassets */ = {isa = PBXFileReference; lastKnownFileType = folder.assetcatalog; path = "Preview Assets.xcassets"; sourceTree = "<group>"; };
		5BF6A2F12B690BE90096A530 /* Models.swift */ = {isa = PBXFileReference; lastKnownFileType = sourcecode.swift; path = Models.swift; sourceTree = "<group>"; };
		5BF6A2F32B690BF40096A530 /* Database.swift */ = {isa = PBXFileReference; lastKnownFileType = sourcecode.swift; path = Database.swift; sourceTree = "<group>"; };
		5BF6A3052B6933980096A530 /* ProfilScreen.swift */ = {isa = PBXFileReference; lastKnownFileType = sourcecode.swift; path = ProfilScreen.swift; sourceTree = "<group>"; };
		5BF6A3072B6933AD0096A530 /* SettingsScreen.swift */ = {isa = PBXFileReference; lastKnownFileType = sourcecode.swift; path = SettingsScreen.swift; sourceTree = "<group>"; };
		5BF6A3092B69349E0096A530 /* LeaderboardScreen.swift */ = {isa = PBXFileReference; lastKnownFileType = sourcecode.swift; path = LeaderboardScreen.swift; sourceTree = "<group>"; };
		5BF6A30B2B6934AE0096A530 /* SocialLinksScreen.swift */ = {isa = PBXFileReference; lastKnownFileType = sourcecode.swift; path = SocialLinksScreen.swift; sourceTree = "<group>"; };
		5BF6A30D2B6935040096A530 /* LexiqueScreen.swift */ = {isa = PBXFileReference; lastKnownFileType = sourcecode.swift; path = LexiqueScreen.swift; sourceTree = "<group>"; };
		5BF6A30F2B6935110096A530 /* DefinitionScreen.swift */ = {isa = PBXFileReference; lastKnownFileType = sourcecode.swift; path = DefinitionScreen.swift; sourceTree = "<group>"; };
		5BF6A3112B69357A0096A530 /* LessonScreen.swift */ = {isa = PBXFileReference; lastKnownFileType = sourcecode.swift; path = LessonScreen.swift; sourceTree = "<group>"; };
		5BF6A3152B6936590096A530 /* QuizzScreen.swift */ = {isa = PBXFileReference; lastKnownFileType = sourcecode.swift; path = QuizzScreen.swift; sourceTree = "<group>"; };
/* End PBXFileReference section */

/* Begin PBXFrameworksBuildPhase section */
		5BF6A2DC2B690BA90096A530 /* Frameworks */ = {
			isa = PBXFrameworksBuildPhase;
			buildActionMask = 2147483647;
			files = (
			);
			runOnlyForDeploymentPostprocessing = 0;
		};
/* End PBXFrameworksBuildPhase section */

/* Begin PBXGroup section */
		5BF6A2D62B690BA90096A530 = {
			isa = PBXGroup;
			children = (
				5BF6A2E12B690BA90096A530 /* EasyconomyApp */,
				5BF6A2E02B690BA90096A530 /* Products */,
			);
			sourceTree = "<group>";
		};
		5BF6A2E02B690BA90096A530 /* Products */ = {
			isa = PBXGroup;
			children = (
				5BF6A2DF2B690BA90096A530 /* EasyconomyApp.app */,
			);
			name = Products;
			sourceTree = "<group>";
		};
		5BF6A2E12B690BA90096A530 /* EasyconomyApp */ = {
			isa = PBXGroup;
			children = (
				5BF6A2F62B690CB30096A530 /* ExtractedViews */,
				5BF6A2F52B690CA40096A530 /* Screens */,
				5BF6A2F02B690BD10096A530 /* Data */,
				5BF6A2E22B690BA90096A530 /* EasyconomyAppApp.swift */,
				5BF6A2E42B690BA90096A530 /* ContentView.swift */,
				5BF6A2E62B690BAB0096A530 /* Assets.xcassets */,
				5BF6A2E82B690BAB0096A530 /* Preview Content */,
			);
			path = EasyconomyApp;
			sourceTree = "<group>";
		};
		5BF6A2E82B690BAB0096A530 /* Preview Content */ = {
			isa = PBXGroup;
			children = (
				5BF6A2E92B690BAB0096A530 /* Preview Assets.xcassets */,
			);
			path = "Preview Content";
			sourceTree = "<group>";
		};
		5BF6A2F02B690BD10096A530 /* Data */ = {
			isa = PBXGroup;
			children = (
				5BF6A2F12B690BE90096A530 /* Models.swift */,
				5BF6A2F32B690BF40096A530 /* Database.swift */,
			);
			path = Data;
			sourceTree = "<group>";
		};
		5BF6A2F52B690CA40096A530 /* Screens */ = {
			isa = PBXGroup;
			children = (
				5BF6A3052B6933980096A530 /* ProfilScreen.swift */,
				5BF6A3072B6933AD0096A530 /* SettingsScreen.swift */,
				5BF6A3092B69349E0096A530 /* LeaderboardScreen.swift */,
				5BF6A30B2B6934AE0096A530 /* SocialLinksScreen.swift */,
				5B1040102B6C2F3F006BC278 /* testWheel.swift */,
				5BF6A30D2B6935040096A530 /* LexiqueScreen.swift */,
				5BF6A30F2B6935110096A530 /* DefinitionScreen.swift */,
				5BF6A3112B69357A0096A530 /* LessonScreen.swift */,
				5B10400E2B6BF51F006BC278 /* CurrentLessonScreen.swift */,
				5BF6A3152B6936590096A530 /* QuizzScreen.swift */,
				5B10400C2B6B8A9E006BC278 /* QuizzResultScreen.swift */,
				5B1040162B72868F006BC278 /* ConnexionScreen.swift */,
			);
			path = Screens;
			sourceTree = "<group>";
		};
		5BF6A2F62B690CB30096A530 /* ExtractedViews */ = {
			isa = PBXGroup;
			children = (
				5B1040142B70EBD9006BC278 /* ExtractedViewList.swift */,
			);
			path = ExtractedViews;
			sourceTree = "<group>";
		};
/* End PBXGroup section */

/* Begin PBXNativeTarget section */
		5BF6A2DE2B690BA90096A530 /* EasyconomyApp */ = {
			isa = PBXNativeTarget;
			buildConfigurationList = 5BF6A2ED2B690BAB0096A530 /* Build configuration list for PBXNativeTarget "EasyconomyApp" */;
			buildPhases = (
				5BF6A2DB2B690BA90096A530 /* Sources */,
				5BF6A2DC2B690BA90096A530 /* Frameworks */,
				5BF6A2DD2B690BA90096A530 /* Resources */,
			);
			buildRules = (
			);
			dependencies = (
			);
			name = EasyconomyApp;
			productName = EasyconomyApp;
			productReference = 5BF6A2DF2B690BA90096A530 /* EasyconomyApp.app */;
			productType = "com.apple.product-type.application";
		};
/* End PBXNativeTarget section */

/* Begin PBXProject section */
		5BF6A2D72B690BA90096A530 /* Project object */ = {
			isa = PBXProject;
			attributes = {
				BuildIndependentTargetsInParallel = 1;
				LastSwiftUpdateCheck = 1520;
				LastUpgradeCheck = 1520;
				TargetAttributes = {
					5BF6A2DE2B690BA90096A530 = {
						CreatedOnToolsVersion = 15.2;
					};
				};
			};
			buildConfigurationList = 5BF6A2DA2B690BA90096A530 /* Build configuration list for PBXProject "EasyconomyApp" */;
			compatibilityVersion = "Xcode 14.0";
			developmentRegion = en;
			hasScannedForEncodings = 0;
			knownRegions = (
				en,
				Base,
			);
			mainGroup = 5BF6A2D62B690BA90096A530;
			productRefGroup = 5BF6A2E02B690BA90096A530 /* Products */;
			projectDirPath = "";
			projectRoot = "";
			targets = (
				5BF6A2DE2B690BA90096A530 /* EasyconomyApp */,
			);
		};
/* End PBXProject section */

/* Begin PBXResourcesBuildPhase section */
		5BF6A2DD2B690BA90096A530 /* Resources */ = {
			isa = PBXResourcesBuildPhase;
			buildActionMask = 2147483647;
			files = (
				5BF6A2EA2B690BAB0096A530 /* Preview Assets.xcassets in Resources */,
				5BF6A2E72B690BAB0096A530 /* Assets.xcassets in Resources */,
			);
			runOnlyForDeploymentPostprocessing = 0;
		};
/* End PBXResourcesBuildPhase section */

/* Begin PBXSourcesBuildPhase section */
		5BF6A2DB2B690BA90096A530 /* Sources */ = {
			isa = PBXSourcesBuildPhase;
			buildActionMask = 2147483647;
			files = (
				5BF6A30C2B6934AE0096A530 /* SocialLinksScreen.swift in Sources */,
				5BF6A3162B6936590096A530 /* QuizzScreen.swift in Sources */,
				5BF6A3082B6933AD0096A530 /* SettingsScreen.swift in Sources */,
				5B10400F2B6BF51F006BC278 /* CurrentLessonScreen.swift in Sources */,
				5BF6A3102B6935110096A530 /* DefinitionScreen.swift in Sources */,
				5B1040172B72868F006BC278 /* ConnexionScreen.swift in Sources */,
				5BF6A3122B69357B0096A530 /* LessonScreen.swift in Sources */,
				5BF6A2F22B690BE90096A530 /* Models.swift in Sources */,
				5BF6A2E52B690BA90096A530 /* ContentView.swift in Sources */,
				5B1040112B6C2F3F006BC278 /* testWheel.swift in Sources */,
				5BF6A30E2B6935040096A530 /* LexiqueScreen.swift in Sources */,
				5BF6A30A2B69349E0096A530 /* LeaderboardScreen.swift in Sources */,
				5BF6A2F42B690BF40096A530 /* Database.swift in Sources */,
				5B10400D2B6B8A9E006BC278 /* QuizzResultScreen.swift in Sources */,
				5B1040152B70EBDA006BC278 /* ExtractedViewList.swift in Sources */,
				5BF6A2E32B690BA90096A530 /* EasyconomyAppApp.swift in Sources */,
				5BF6A3062B6933980096A530 /* ProfilScreen.swift in Sources */,
			);
			runOnlyForDeploymentPostprocessing = 0;
		};
/* End PBXSourcesBuildPhase section */

/* Begin XCBuildConfiguration section */
		5BF6A2EB2B690BAB0096A530 /* Debug */ = {
			isa = XCBuildConfiguration;
			buildSettings = {
				ALWAYS_SEARCH_USER_PATHS = NO;
				ASSETCATALOG_COMPILER_GENERATE_SWIFT_ASSET_SYMBOL_EXTENSIONS = YES;
				CLANG_ANALYZER_NONNULL = YES;
				CLANG_ANALYZER_NUMBER_OBJECT_CONVERSION = YES_AGGRESSIVE;
				CLANG_CXX_LANGUAGE_STANDARD = "gnu++20";
				CLANG_ENABLE_MODULES = YES;
				CLANG_ENABLE_OBJC_ARC = YES;
				CLANG_ENABLE_OBJC_WEAK = YES;
				CLANG_WARN_BLOCK_CAPTURE_AUTORELEASING = YES;
				CLANG_WARN_BOOL_CONVERSION = YES;
				CLANG_WARN_COMMA = YES;
				CLANG_WARN_CONSTANT_CONVERSION = YES;
				CLANG_WARN_DEPRECATED_OBJC_IMPLEMENTATIONS = YES;
				CLANG_WARN_DIRECT_OBJC_ISA_USAGE = YES_ERROR;
				CLANG_WARN_DOCUMENTATION_COMMENTS = YES;
				CLANG_WARN_EMPTY_BODY = YES;
				CLANG_WARN_ENUM_CONVERSION = YES;
				CLANG_WARN_INFINITE_RECURSION = YES;
				CLANG_WARN_INT_CONVERSION = YES;
				CLANG_WARN_NON_LITERAL_NULL_CONVERSION = YES;
				CLANG_WARN_OBJC_IMPLICIT_RETAIN_SELF = YES;
				CLANG_WARN_OBJC_LITERAL_CONVERSION = YES;
				CLANG_WARN_OBJC_ROOT_CLASS = YES_ERROR;
				CLANG_WARN_QUOTED_INCLUDE_IN_FRAMEWORK_HEADER = YES;
				CLANG_WARN_RANGE_LOOP_ANALYSIS = YES;
				CLANG_WARN_STRICT_PROTOTYPES = YES;
				CLANG_WARN_SUSPICIOUS_MOVE = YES;
				CLANG_WARN_UNGUARDED_AVAILABILITY = YES_AGGRESSIVE;
				CLANG_WARN_UNREACHABLE_CODE = YES;
				CLANG_WARN__DUPLICATE_METHOD_MATCH = YES;
				COPY_PHASE_STRIP = NO;
				DEBUG_INFORMATION_FORMAT = dwarf;
				ENABLE_STRICT_OBJC_MSGSEND = YES;
				ENABLE_TESTABILITY = YES;
				ENABLE_USER_SCRIPT_SANDBOXING = YES;
				GCC_C_LANGUAGE_STANDARD = gnu17;
				GCC_DYNAMIC_NO_PIC = NO;
				GCC_NO_COMMON_BLOCKS = YES;
				GCC_OPTIMIZATION_LEVEL = 0;
				GCC_PREPROCESSOR_DEFINITIONS = (
					"DEBUG=1",
					"$(inherited)",
				);
				GCC_WARN_64_TO_32_BIT_CONVERSION = YES;
				GCC_WARN_ABOUT_RETURN_TYPE = YES_ERROR;
				GCC_WARN_UNDECLARED_SELECTOR = YES;
				GCC_WARN_UNINITIALIZED_AUTOS = YES_AGGRESSIVE;
				GCC_WARN_UNUSED_FUNCTION = YES;
				GCC_WARN_UNUSED_VARIABLE = YES;
				IPHONEOS_DEPLOYMENT_TARGET = 17.2;
				LOCALIZATION_PREFERS_STRING_CATALOGS = YES;
				MTL_ENABLE_DEBUG_INFO = INCLUDE_SOURCE;
				MTL_FAST_MATH = YES;
				ONLY_ACTIVE_ARCH = YES;
				SDKROOT = iphoneos;
				SWIFT_ACTIVE_COMPILATION_CONDITIONS = "DEBUG $(inherited)";
				SWIFT_OPTIMIZATION_LEVEL = "-Onone";
			};
			name = Debug;
		};
		5BF6A2EC2B690BAB0096A530 /* Release */ = {
			isa = XCBuildConfiguration;
			buildSettings = {
				ALWAYS_SEARCH_USER_PATHS = NO;
				ASSETCATALOG_COMPILER_GENERATE_SWIFT_ASSET_SYMBOL_EXTENSIONS = YES;
				CLANG_ANALYZER_NONNULL = YES;
				CLANG_ANALYZER_NUMBER_OBJECT_CONVERSION = YES_AGGRESSIVE;
				CLANG_CXX_LANGUAGE_STANDARD = "gnu++20";
				CLANG_ENABLE_MODULES = YES;
				CLANG_ENABLE_OBJC_ARC = YES;
				CLANG_ENABLE_OBJC_WEAK = YES;
				CLANG_WARN_BLOCK_CAPTURE_AUTORELEASING = YES;
				CLANG_WARN_BOOL_CONVERSION = YES;
				CLANG_WARN_COMMA = YES;
				CLANG_WARN_CONSTANT_CONVERSION = YES;
				CLANG_WARN_DEPRECATED_OBJC_IMPLEMENTATIONS = YES;
				CLANG_WARN_DIRECT_OBJC_ISA_USAGE = YES_ERROR;
				CLANG_WARN_DOCUMENTATION_COMMENTS = YES;
				CLANG_WARN_EMPTY_BODY = YES;
				CLANG_WARN_ENUM_CONVERSION = YES;
				CLANG_WARN_INFINITE_RECURSION = YES;
				CLANG_WARN_INT_CONVERSION = YES;
				CLANG_WARN_NON_LITERAL_NULL_CONVERSION = YES;
				CLANG_WARN_OBJC_IMPLICIT_RETAIN_SELF = YES;
				CLANG_WARN_OBJC_LITERAL_CONVERSION = YES;
				CLANG_WARN_OBJC_ROOT_CLASS = YES_ERROR;
				CLANG_WARN_QUOTED_INCLUDE_IN_FRAMEWORK_HEADER = YES;
				CLANG_WARN_RANGE_LOOP_ANALYSIS = YES;
				CLANG_WARN_STRICT_PROTOTYPES = YES;
				CLANG_WARN_SUSPICIOUS_MOVE = YES;
				CLANG_WARN_UNGUARDED_AVAILABILITY = YES_AGGRESSIVE;
				CLANG_WARN_UNREACHABLE_CODE = YES;
				CLANG_WARN__DUPLICATE_METHOD_MATCH = YES;
				COPY_PHASE_STRIP = NO;
				DEBUG_INFORMATION_FORMAT = "dwarf-with-dsym";
				ENABLE_NS_ASSERTIONS = NO;
				ENABLE_STRICT_OBJC_MSGSEND = YES;
				ENABLE_USER_SCRIPT_SANDBOXING = YES;
				GCC_C_LANGUAGE_STANDARD = gnu17;
				GCC_NO_COMMON_BLOCKS = YES;
				GCC_WARN_64_TO_32_BIT_CONVERSION = YES;
				GCC_WARN_ABOUT_RETURN_TYPE = YES_ERROR;
				GCC_WARN_UNDECLARED_SELECTOR = YES;
				GCC_WARN_UNINITIALIZED_AUTOS = YES_AGGRESSIVE;
				GCC_WARN_UNUSED_FUNCTION = YES;
				GCC_WARN_UNUSED_VARIABLE = YES;
				IPHONEOS_DEPLOYMENT_TARGET = 17.2;
				LOCALIZATION_PREFERS_STRING_CATALOGS = YES;
				MTL_ENABLE_DEBUG_INFO = NO;
				MTL_FAST_MATH = YES;
				SDKROOT = iphoneos;
				SWIFT_COMPILATION_MODE = wholemodule;
				VALIDATE_PRODUCT = YES;
			};
			name = Release;
		};
		5BF6A2EE2B690BAB0096A530 /* Debug */ = {
			isa = XCBuildConfiguration;
			buildSettings = {
				ASSETCATALOG_COMPILER_APPICON_NAME = AppIcon;
				ASSETCATALOG_COMPILER_GLOBAL_ACCENT_COLOR_NAME = AccentColor;
				CODE_SIGN_STYLE = Automatic;
				CURRENT_PROJECT_VERSION = 1;
				DEVELOPMENT_ASSET_PATHS = "\"EasyconomyApp/Preview Content\"";
				ENABLE_PREVIEWS = YES;
				GENERATE_INFOPLIST_FILE = YES;
				INFOPLIST_KEY_UIApplicationSceneManifest_Generation = YES;
				INFOPLIST_KEY_UIApplicationSupportsIndirectInputEvents = YES;
				INFOPLIST_KEY_UILaunchScreen_Generation = YES;
				INFOPLIST_KEY_UISupportedInterfaceOrientations_iPad = "UIInterfaceOrientationPortrait UIInterfaceOrientationPortraitUpsideDown UIInterfaceOrientationLandscapeLeft UIInterfaceOrientationLandscapeRight";
				INFOPLIST_KEY_UISupportedInterfaceOrientations_iPhone = "UIInterfaceOrientationPortrait UIInterfaceOrientationLandscapeLeft UIInterfaceOrientationLandscapeRight";
				LD_RUNPATH_SEARCH_PATHS = (
					"$(inherited)",
					"@executable_path/Frameworks",
				);
				MARKETING_VERSION = 1.0;
				PRODUCT_BUNDLE_IDENTIFIER = com.exampleAFP.EasyconomyApp;
				PRODUCT_NAME = "$(TARGET_NAME)";
				SWIFT_EMIT_LOC_STRINGS = YES;
				SWIFT_VERSION = 5.0;
				TARGETED_DEVICE_FAMILY = "1,2";
			};
			name = Debug;
		};
		5BF6A2EF2B690BAB0096A530 /* Release */ = {
			isa = XCBuildConfiguration;
			buildSettings = {
				ASSETCATALOG_COMPILER_APPICON_NAME = AppIcon;
				ASSETCATALOG_COMPILER_GLOBAL_ACCENT_COLOR_NAME = AccentColor;
				CODE_SIGN_STYLE = Automatic;
				CURRENT_PROJECT_VERSION = 1;
				DEVELOPMENT_ASSET_PATHS = "\"EasyconomyApp/Preview Content\"";
				ENABLE_PREVIEWS = YES;
				GENERATE_INFOPLIST_FILE = YES;
				INFOPLIST_KEY_UIApplicationSceneManifest_Generation = YES;
				INFOPLIST_KEY_UIApplicationSupportsIndirectInputEvents = YES;
				INFOPLIST_KEY_UILaunchScreen_Generation = YES;
				INFOPLIST_KEY_UISupportedInterfaceOrientations_iPad = "UIInterfaceOrientationPortrait UIInterfaceOrientationPortraitUpsideDown UIInterfaceOrientationLandscapeLeft UIInterfaceOrientationLandscapeRight";
				INFOPLIST_KEY_UISupportedInterfaceOrientations_iPhone = "UIInterfaceOrientationPortrait UIInterfaceOrientationLandscapeLeft UIInterfaceOrientationLandscapeRight";
				LD_RUNPATH_SEARCH_PATHS = (
					"$(inherited)",
					"@executable_path/Frameworks",
				);
				MARKETING_VERSION = 1.0;
				PRODUCT_BUNDLE_IDENTIFIER = com.exampleAFP.EasyconomyApp;
				PRODUCT_NAME = "$(TARGET_NAME)";
				SWIFT_EMIT_LOC_STRINGS = YES;
				SWIFT_VERSION = 5.0;
				TARGETED_DEVICE_FAMILY = "1,2";
			};
			name = Release;
		};
/* End XCBuildConfiguration section */

/* Begin XCConfigurationList section */
		5BF6A2DA2B690BA90096A530 /* Build configuration list for PBXProject "EasyconomyApp" */ = {
			isa = XCConfigurationList;
			buildConfigurations = (
				5BF6A2EB2B690BAB0096A530 /* Debug */,
				5BF6A2EC2B690BAB0096A530 /* Release */,
			);
			defaultConfigurationIsVisible = 0;
			defaultConfigurationName = Release;
		};
		5BF6A2ED2B690BAB0096A530 /* Build configuration list for PBXNativeTarget "EasyconomyApp" */ = {
			isa = XCConfigurationList;
			buildConfigurations = (
				5BF6A2EE2B690BAB0096A530 /* Debug */,
				5BF6A2EF2B690BAB0096A530 /* Release */,
			);
			defaultConfigurationIsVisible = 0;
			defaultConfigurationName = Release;
		};
/* End XCConfigurationList section */
	};
	rootObject = 5BF6A2D72B690BA90096A530 /* Project object */;
}
